
Microsoft Visual Studio Solution File, Format Version 12.00
# Visual Studio Version 17
VisualStudioVersion = 17.14.36301.6 d17.14
MinimumVisualStudioVersion = 10.0.40219.1
Project("{FAE04EC0-301F-11D3-BF4B-00C04F79EFBC}") = "FrontAuth.WebApi", "FrontAuth.WebApi\FrontAuth.WebApi.csproj", "{49A6AA2B-2813-4EF4-B00B-1B2CEFC789EB}"
EndProject
Global
	GlobalSection(SolutionConfigurationPlatforms) = preSolution
		Debug|Any CPU = Debug|Any CPU
		Release|Any CPU = Release|Any CPU
	EndGlobalSection
	GlobalSection(ProjectConfigurationPlatforms) = postSolution
		{49A6AA2B-2813-4EF4-B00B-1B2CEFC789EB}.Debug|Any CPU.ActiveCfg = Debug|Any CPU
		{49A6AA2B-2813-4EF4-B00B-1B2CEFC789EB}.Debug|Any CPU.Build.0 = Debug|Any CPU
		{49A6AA2B-2813-4EF4-B00B-1B2CEFC789EB}.Release|Any CPU.ActiveCfg = Release|Any CPU
		{49A6AA2B-2813-4EF4-B00B-1B2CEFC789EB}.Release|Any CPU.Build.0 = Release|Any CPU
	EndGlobalSection
	GlobalSection(SolutionProperties) = preSolution
		HideSolutionNode = FALSE
	EndGlobalSection
	GlobalSection(ExtensibilityGlobals) = postSolution
		SolutionGuid = {6BBB7237-6522-40E4-9AEC-F1C40E5D232B}
	EndGlobalSection
EndGlobal
